
Microsoft Visual Studio Solution File, Format Version 12.00
# Visual Studio Version 17
VisualStudioVersion = 17.0.32014.148
MinimumVisualStudioVersion = 10.0.40219.1
Project("{9A19103F-16F7-4668-BE54-9A1E7A4F7556}") = "BookingTables.Shared", "BookingTables.SharedAssembly\BookingTables.Shared.csproj", "{C2E4B73B-154E-4F15-AB78-5525A1D3D073}"
EndProject
Project("{9A19103F-16F7-4668-BE54-9A1E7A4F7556}") = "BookingTables.API", "BookingTables.API\BookingTables.API.csproj", "{F48FD1E3-4F51-4CDC-9EBD-9258250AD48A}"
EndProject
Project("{9A19103F-16F7-4668-BE54-9A1E7A4F7556}") = "BookingTables.Infrastructure", "BookingTables.Infrastructure\BookingTables.Infrastructure.csproj", "{237A6204-DA91-4B8F-A7AD-9313B9FBF1D9}"
EndProject
Project("{9A19103F-16F7-4668-BE54-9A1E7A4F7556}") = "BookingTables.Core", "BookingTables.Core\BookingTables.Core.csproj", "{DCDBCA94-48D5-4B3C-86B4-E44CD0F9CC22}"
EndProject
Project("{9A19103F-16F7-4668-BE54-9A1E7A4F7556}") = "BookingTables.Tests", "BookingTables.Tests\BookingTables.Tests.csproj", "{AD40F9BC-7477-4661-BD87-6A2979FC5036}"
EndProject
Project("{9A19103F-16F7-4668-BE54-9A1E7A4F7556}") = "BookingTables.Models", "BookingTables.Models\BookingTables.Models.csproj", "{60933BA4-85FD-427C-8054-29389F5E0728}"
EndProject
Global
	GlobalSection(SolutionConfigurationPlatforms) = preSolution
		Debug|Any CPU = Debug|Any CPU
		Release|Any CPU = Release|Any CPU
	EndGlobalSection
	GlobalSection(ProjectConfigurationPlatforms) = postSolution
		{C2E4B73B-154E-4F15-AB78-5525A1D3D073}.Debug|Any CPU.ActiveCfg = Debug|Any CPU
		{C2E4B73B-154E-4F15-AB78-5525A1D3D073}.Debug|Any CPU.Build.0 = Debug|Any CPU
		{C2E4B73B-154E-4F15-AB78-5525A1D3D073}.Release|Any CPU.ActiveCfg = Release|Any CPU
		{C2E4B73B-154E-4F15-AB78-5525A1D3D073}.Release|Any CPU.Build.0 = Release|Any CPU
		{F48FD1E3-4F51-4CDC-9EBD-9258250AD48A}.Debug|Any CPU.ActiveCfg = Debug|Any CPU
		{F48FD1E3-4F51-4CDC-9EBD-9258250AD48A}.Debug|Any CPU.Build.0 = Debug|Any CPU
		{F48FD1E3-4F51-4CDC-9EBD-9258250AD48A}.Release|Any CPU.ActiveCfg = Release|Any CPU
		{F48FD1E3-4F51-4CDC-9EBD-9258250AD48A}.Release|Any CPU.Build.0 = Release|Any CPU
		{237A6204-DA91-4B8F-A7AD-9313B9FBF1D9}.Debug|Any CPU.ActiveCfg = Debug|Any CPU
		{237A6204-DA91-4B8F-A7AD-9313B9FBF1D9}.Debug|Any CPU.Build.0 = Debug|Any CPU
		{237A6204-DA91-4B8F-A7AD-9313B9FBF1D9}.Release|Any CPU.ActiveCfg = Release|Any CPU
		{237A6204-DA91-4B8F-A7AD-9313B9FBF1D9}.Release|Any CPU.Build.0 = Release|Any CPU
		{DCDBCA94-48D5-4B3C-86B4-E44CD0F9CC22}.Debug|Any CPU.ActiveCfg = Debug|Any CPU
		{DCDBCA94-48D5-4B3C-86B4-E44CD0F9CC22}.Debug|Any CPU.Build.0 = Debug|Any CPU
		{DCDBCA94-48D5-4B3C-86B4-E44CD0F9CC22}.Release|Any CPU.ActiveCfg = Release|Any CPU
		{DCDBCA94-48D5-4B3C-86B4-E44CD0F9CC22}.Release|Any CPU.Build.0 = Release|Any CPU
		{AD40F9BC-7477-4661-BD87-6A2979FC5036}.Debug|Any CPU.ActiveCfg = Debug|Any CPU
		{AD40F9BC-7477-4661-BD87-6A2979FC5036}.Debug|Any CPU.Build.0 = Debug|Any CPU
		{AD40F9BC-7477-4661-BD87-6A2979FC5036}.Release|Any CPU.ActiveCfg = Release|Any CPU
		{AD40F9BC-7477-4661-BD87-6A2979FC5036}.Release|Any CPU.Build.0 = Release|Any CPU
		{60933BA4-85FD-427C-8054-29389F5E0728}.Debug|Any CPU.ActiveCfg = Debug|Any CPU
		{60933BA4-85FD-427C-8054-29389F5E0728}.Debug|Any CPU.Build.0 = Debug|Any CPU
		{60933BA4-85FD-427C-8054-29389F5E0728}.Release|Any CPU.ActiveCfg = Release|Any CPU
		{60933BA4-85FD-427C-8054-29389F5E0728}.Release|Any CPU.Build.0 = Release|Any CPU
	EndGlobalSection
	GlobalSection(SolutionProperties) = preSolution
		HideSolutionNode = FALSE
	EndGlobalSection
	GlobalSection(ExtensibilityGlobals) = postSolution
		SolutionGuid = {8EC5D672-A41C-477F-B88A-D503C7D9DA29}
	EndGlobalSection
EndGlobal
